
Microsoft Visual Studio Solution File, Format Version 12.00
# Visual Studio Version 17
VisualStudioVersion = 17.10.35027.167
MinimumVisualStudioVersion = 10.0.40219.1
Project("{FAE04EC0-301F-11D3-BF4B-00C04F79EFBC}") = "book_store", "book_store.csproj", "{BD02D7ED-92F7-4E29-8473-86CAA5D94055}"
EndProject
Global
	GlobalSection(SolutionConfigurationPlatforms) = preSolution
		Debug|Any CPU = Debug|Any CPU
		Release|Any CPU = Release|Any CPU
	EndGlobalSection
	GlobalSection(ProjectConfigurationPlatforms) = postSolution
		{BD02D7ED-92F7-4E29-8473-86CAA5D94055}.Debug|Any CPU.ActiveCfg = Debug|Any CPU
		{BD02D7ED-92F7-4E29-8473-86CAA5D94055}.Debug|Any CPU.Build.0 = Debug|Any CPU
		{BD02D7ED-92F7-4E29-8473-86CAA5D94055}.Release|Any CPU.ActiveCfg = Release|Any CPU
		{BD02D7ED-92F7-4E29-8473-86CAA5D94055}.Release|Any CPU.Build.0 = Release|Any CPU
	EndGlobalSection
	GlobalSection(SolutionProperties) = preSolution
		HideSolutionNode = FALSE
	EndGlobalSection
	GlobalSection(ExtensibilityGlobals) = postSolution
		SolutionGuid = {FCE62B03-3D78-446A-BA70-527A88F60644}
	EndGlobalSection
EndGlobal
